
Microsoft Visual Studio Solution File, Format Version 12.00
# Visual Studio Version 16
VisualStudioVersion = 16.0.31129.286
MinimumVisualStudioVersion = 10.0.40219.1
Project("{FAE04EC0-301F-11D3-BF4B-00C04F79EFBC}") = "ProiectPOO", "ProiectPOO\ProiectPOO.csproj", "{B640FE93-2289-474A-B9B7-F5C2EFC9971A}"
	ProjectSection(ProjectDependencies) = postProject
		{29EA43BB-26EF-442F-9103-76D206334880} = {29EA43BB-26EF-442F-9103-76D206334880}
	EndProjectSection
EndProject
Project("{FAE04EC0-301F-11D3-BF4B-00C04F79EFBC}") = "DatabaseCRUD", "DatabaseCRUD\DatabaseCRUD.csproj", "{29EA43BB-26EF-442F-9103-76D206334880}"
EndProject
Global
	GlobalSection(SolutionConfigurationPlatforms) = preSolution
		Debug|Any CPU = Debug|Any CPU
		Debug|x64 = Debug|x64
		Release|Any CPU = Release|Any CPU
		Release|x64 = Release|x64
	EndGlobalSection
	GlobalSection(ProjectConfigurationPlatforms) = postSolution
		{B640FE93-2289-474A-B9B7-F5C2EFC9971A}.Debug|Any CPU.ActiveCfg = Debug|Any CPU
		{B640FE93-2289-474A-B9B7-F5C2EFC9971A}.Debug|Any CPU.Build.0 = Debug|Any CPU
		{B640FE93-2289-474A-B9B7-F5C2EFC9971A}.Debug|x64.ActiveCfg = Debug|x64
		{B640FE93-2289-474A-B9B7-F5C2EFC9971A}.Debug|x64.Build.0 = Debug|x64
		{B640FE93-2289-474A-B9B7-F5C2EFC9971A}.Release|Any CPU.ActiveCfg = Release|Any CPU
		{B640FE93-2289-474A-B9B7-F5C2EFC9971A}.Release|Any CPU.Build.0 = Release|Any CPU
		{B640FE93-2289-474A-B9B7-F5C2EFC9971A}.Release|x64.ActiveCfg = Release|x64
		{B640FE93-2289-474A-B9B7-F5C2EFC9971A}.Release|x64.Build.0 = Release|x64
		{29EA43BB-26EF-442F-9103-76D206334880}.Debug|Any CPU.ActiveCfg = Debug|Any CPU
		{29EA43BB-26EF-442F-9103-76D206334880}.Debug|Any CPU.Build.0 = Debug|Any CPU
		{29EA43BB-26EF-442F-9103-76D206334880}.Debug|x64.ActiveCfg = Debug|x64
		{29EA43BB-26EF-442F-9103-76D206334880}.Debug|x64.Build.0 = Debug|x64
		{29EA43BB-26EF-442F-9103-76D206334880}.Release|Any CPU.ActiveCfg = Release|Any CPU
		{29EA43BB-26EF-442F-9103-76D206334880}.Release|Any CPU.Build.0 = Release|Any CPU
		{29EA43BB-26EF-442F-9103-76D206334880}.Release|x64.ActiveCfg = Release|Any CPU
	EndGlobalSection
	GlobalSection(SolutionProperties) = preSolution
		HideSolutionNode = FALSE
	EndGlobalSection
	GlobalSection(ExtensibilityGlobals) = postSolution
		SolutionGuid = {C11A8F29-683D-4257-8B56-FD6810F4BD81}
	EndGlobalSection
EndGlobal
